
Microsoft Visual Studio Solution File, Format Version 12.00
# Visual Studio Version 16
VisualStudioVersion = 16.0.34301.259
MinimumVisualStudioVersion = 10.0.40219.1
Project("{FAE04EC0-301F-11D3-BF4B-00C04F79EFBC}") = "MWGAWinFormDemo", "MWGAWinFormDemo.csproj", "{06D35CC8-F104-4D4D-B1B3-3B821235F800}"
EndProject
Global
	GlobalSection(SolutionConfigurationPlatforms) = preSolution
		Debug|Any CPU = Debug|Any CPU
		Release|Any CPU = Release|Any CPU
	EndGlobalSection
	GlobalSection(ProjectConfigurationPlatforms) = postSolution
		{06D35CC8-F104-4D4D-B1B3-3B821235F800}.Debug|Any CPU.ActiveCfg = Debug|Any CPU
		{06D35CC8-F104-4D4D-B1B3-3B821235F800}.Debug|Any CPU.Build.0 = Debug|Any CPU
		{06D35CC8-F104-4D4D-B1B3-3B821235F800}.Release|Any CPU.ActiveCfg = Release|Any CPU
		{06D35CC8-F104-4D4D-B1B3-3B821235F800}.Release|Any CPU.Build.0 = Release|Any CPU
	EndGlobalSection
	GlobalSection(SolutionProperties) = preSolution
		HideSolutionNode = FALSE
	EndGlobalSection
	GlobalSection(ExtensibilityGlobals) = postSolution
		SolutionGuid = {A86F4E68-C341-453E-81C5-4ABE8BC3A905}
	EndGlobalSection
EndGlobal
